{
  "requires": true,
  "lockfileVersion": 1,
  "dependencies": {
    "array-move": {
      "version": "4.0.0",
      "resolved": "https://registry.npmjs.org/array-move/-/array-move-4.0.0.tgz",
      "integrity": "sha512-+RY54S8OuVvg94THpneQvFRmqWdAHeqtMzgMW6JNurHxe8rsS07cHQdfGkXnTUXiBcyZ0j3SiDIxxj0RPiqCkQ=="
    }
  }
}
